// !$*UTF8*$!
{
	archiveVersion = 1;
	classes = {
	};
	objectVersion = 48;
	objects = {

/* Begin PBXBuildFile section */
		DF2316D21F96808700E8ACC3 /* GameMode.swift in Sources */ = {isa = PBXBuildFile; fileRef = DF2316D11F96808700E8ACC3 /* GameMode.swift */; };
		DF2316D41F9693D700E8ACC3 /* Settings.swift in Sources */ = {isa = PBXBuildFile; fileRef = DF2316D31F9693D700E8ACC3 /* Settings.swift */; };
		DF2316D61F96943400E8ACC3 /* Theme.swift in Sources */ = {isa = PBXBuildFile; fileRef = DF2316D51F96943400E8ACC3 /* Theme.swift */; };
		DF2316D81F96A03E00E8ACC3 /* SettingsViewController.swift in Sources */ = {isa = PBXBuildFile; fileRef = DF2316D71F96A03E00E8ACC3 /* SettingsViewController.swift */; };
		DF2316DA1F96A0D400E8ACC3 /* ShopViewController.swift in Sources */ = {isa = PBXBuildFile; fileRef = DF2316D91F96A0D400E8ACC3 /* ShopViewController.swift */; };
		DF2316DC1F96A18500E8ACC3 /* InfoViewController.swift in Sources */ = {isa = PBXBuildFile; fileRef = DF2316DB1F96A18500E8ACC3 /* InfoViewController.swift */; };
		DF2316DF1F971B6800E8ACC3 /* AI.swift in Sources */ = {isa = PBXBuildFile; fileRef = DF2316DE1F971B6800E8ACC3 /* AI.swift */; };
		DF2316E11F97EA8E00E8ACC3 /* Space Theme.wav in Resources */ = {isa = PBXBuildFile; fileRef = DF2316E01F97EA8E00E8ACC3 /* Space Theme.wav */; };
		DF2935EB1F955AA400DEBD4B /* SKTAudio.swift in Sources */ = {isa = PBXBuildFile; fileRef = DF2935EA1F955AA300DEBD4B /* SKTAudio.swift */; };
		DF2935EE1F955BC300DEBD4B /* Normal Theme.wav in Resources */ = {isa = PBXBuildFile; fileRef = DF2935ED1F955BC200DEBD4B /* Normal Theme.wav */; };
		DF38D5141F8E7DE500238650 /* Morris.swift in Sources */ = {isa = PBXBuildFile; fileRef = DF38D5131F8E7DE500238650 /* Morris.swift */; };
		DF4E9FAD1F9F05210003AA85 /* Extensions.swift in Sources */ = {isa = PBXBuildFile; fileRef = DF4E9FAC1F9F05210003AA85 /* Extensions.swift */; };
		DF59F4631FA7E126002FF78E /* IntroductionViewController.swift in Sources */ = {isa = PBXBuildFile; fileRef = DF59F4621FA7E126002FF78E /* IntroductionViewController.swift */; };
		DF5FD51C1F94942400B98795 /* ThemeViewController.swift in Sources */ = {isa = PBXBuildFile; fileRef = DF5FD51B1F94942400B98795 /* ThemeViewController.swift */; };
		DF844BDD1FA394E700C2D5C7 /* GameTests.swift in Sources */ = {isa = PBXBuildFile; fileRef = DF844BDC1FA394E700C2D5C7 /* GameTests.swift */; };
		DFB5D0801F936A7A0032FCF2 /* MenuViewController.swift in Sources */ = {isa = PBXBuildFile; fileRef = DFB5D07F1F936A7A0032FCF2 /* MenuViewController.swift */; };
		DFC1103F1F855DAD00ED5AF2 /* AppDelegate.swift in Sources */ = {isa = PBXBuildFile; fileRef = DFC1103E1F855DAD00ED5AF2 /* AppDelegate.swift */; };
		DFC110411F855DAD00ED5AF2 /* GameScene.sks in Resources */ = {isa = PBXBuildFile; fileRef = DFC110401F855DAD00ED5AF2 /* GameScene.sks */; };
		DFC110431F855DAD00ED5AF2 /* Actions.sks in Resources */ = {isa = PBXBuildFile; fileRef = DFC110421F855DAD00ED5AF2 /* Actions.sks */; };
		DFC110451F855DAD00ED5AF2 /* GameScene.swift in Sources */ = {isa = PBXBuildFile; fileRef = DFC110441F855DAD00ED5AF2 /* GameScene.swift */; };
		DFC110471F855DAD00ED5AF2 /* GameViewController.swift in Sources */ = {isa = PBXBuildFile; fileRef = DFC110461F855DAD00ED5AF2 /* GameViewController.swift */; };
		DFC1104A1F855DAD00ED5AF2 /* Main.storyboard in Resources */ = {isa = PBXBuildFile; fileRef = DFC110481F855DAD00ED5AF2 /* Main.storyboard */; };
		DFC1104C1F855DAD00ED5AF2 /* Assets.xcassets in Resources */ = {isa = PBXBuildFile; fileRef = DFC1104B1F855DAD00ED5AF2 /* Assets.xcassets */; };
		DFC1104F1F855DAD00ED5AF2 /* LaunchScreen.storyboard in Resources */ = {isa = PBXBuildFile; fileRef = DFC1104D1F855DAD00ED5AF2 /* LaunchScreen.storyboard */; };
		DFC110631F855E1000ED5AF2 /* GameConfig.swift in Sources */ = {isa = PBXBuildFile; fileRef = DFC110591F855E0F00ED5AF2 /* GameConfig.swift */; };
		DFC110661F855E1000ED5AF2 /* State.swift in Sources */ = {isa = PBXBuildFile; fileRef = DFC1105C1F855E0F00ED5AF2 /* State.swift */; };
		DFC110671F855E1000ED5AF2 /* Tile.swift in Sources */ = {isa = PBXBuildFile; fileRef = DFC1105D1F855E0F00ED5AF2 /* Tile.swift */; };
		DFC110681F855E1000ED5AF2 /* Game.swift in Sources */ = {isa = PBXBuildFile; fileRef = DFC1105E1F855E0F00ED5AF2 /* Game.swift */; };
		DFC110691F855E1000ED5AF2 /* Coordinate.swift in Sources */ = {isa = PBXBuildFile; fileRef = DFC1105F1F855E0F00ED5AF2 /* Coordinate.swift */; };
		DFC1106A1F855E1000ED5AF2 /* Player.swift in Sources */ = {isa = PBXBuildFile; fileRef = DFC110601F855E0F00ED5AF2 /* Player.swift */; };
		DFC1106C1F855E1000ED5AF2 /* Turn.swift in Sources */ = {isa = PBXBuildFile; fileRef = DFC110621F855E1000ED5AF2 /* Turn.swift */; };
		DFC1106E1F85778A00ED5AF2 /* Tiles.sks in Resources */ = {isa = PBXBuildFile; fileRef = DFC1106D1F85778A00ED5AF2 /* Tiles.sks */; };
		DFD1ACBA1FA2512B000898D4 /* BulletinBoard.framework in Frameworks */ = {isa = PBXBuildFile; fileRef = DFA201251F9BFE7C00EC98F6 /* BulletinBoard.framework */; };
		DFD1ACBB1FA2512B000898D4 /* CollectionViewShelfLayout.framework in Frameworks */ = {isa = PBXBuildFile; fileRef = DFDEC3961F9A8EFD00A2381E /* CollectionViewShelfLayout.framework */; };
		DFD1ACBC1FA2512B000898D4 /* Log.framework in Frameworks */ = {isa = PBXBuildFile; fileRef = DFC110701F87CFD900ED5AF2 /* Log.framework */; };
		DFD3C3541FA779A000B21034 /* ShopCollectionViewCell.swift in Sources */ = {isa = PBXBuildFile; fileRef = DFD3C3531FA779A000B21034 /* ShopCollectionViewCell.swift */; };
		DFD3C3571FA7BDAD00B21034 /* Industry Theme.wav in Resources */ = {isa = PBXBuildFile; fileRef = DFD3C3551FA7BDAC00B21034 /* Industry Theme.wav */; };
		DFD3C3581FA7BDAD00B21034 /* Snowy Theme.wav in Resources */ = {isa = PBXBuildFile; fileRef = DFD3C3561FA7BDAD00B21034 /* Snowy Theme.wav */; };
		DFDEC3991F9A8FDE00A2381E /* ThemeCollectionViewCell.swift in Sources */ = {isa = PBXBuildFile; fileRef = DFDEC3981F9A8FDE00A2381E /* ThemeCollectionViewCell.swift */; };
		DFDEC39B1F9B429F00A2381E /* CustomButton.swift in Sources */ = {isa = PBXBuildFile; fileRef = DFDEC39A1F9B429F00A2381E /* CustomButton.swift */; };
		DFE212AE1FA4C8AE00DB23E9 /* MiniMaxAI.swift in Sources */ = {isa = PBXBuildFile; fileRef = DFE212AD1FA4C8AE00DB23E9 /* MiniMaxAI.swift */; };
		DFE212B01FA511C800DB23E9 /* AIMiniMax.swift in Sources */ = {isa = PBXBuildFile; fileRef = DFE212AF1FA511C700DB23E9 /* AIMiniMax.swift */; };
		DFE212B21FA512A200DB23E9 /* Decideable.swift in Sources */ = {isa = PBXBuildFile; fileRef = DFE212B11FA512A200DB23E9 /* Decideable.swift */; };
		DFE212B41FA516FF00DB23E9 /* AIPossibleMoves.swift in Sources */ = {isa = PBXBuildFile; fileRef = DFE212B31FA516FF00DB23E9 /* AIPossibleMoves.swift */; };
		DFE212B61FA5174100DB23E9 /* Action.swift in Sources */ = {isa = PBXBuildFile; fileRef = DFE212B51FA5174100DB23E9 /* Action.swift */; };
		DFE212B81FA5A96100DB23E9 /* HeuristicRemove.swift in Sources */ = {isa = PBXBuildFile; fileRef = DFE212B71FA5A96100DB23E9 /* HeuristicRemove.swift */; };
		DFE212BA1FA5A9D600DB23E9 /* Heuristic.swift in Sources */ = {isa = PBXBuildFile; fileRef = DFE212B91FA5A9D600DB23E9 /* Heuristic.swift */; };
		DFE212BC1FA5ACA600DB23E9 /* HeuristicNormal.swift in Sources */ = {isa = PBXBuildFile; fileRef = DFE212BB1FA5ACA600DB23E9 /* HeuristicNormal.swift */; };
		DFE212BE1FA5AD1F00DB23E9 /* Calculateable.swift in Sources */ = {isa = PBXBuildFile; fileRef = DFE212BD1FA5AD1F00DB23E9 /* Calculateable.swift */; };
		DFE212C01FA5ADC500DB23E9 /* HeuristicStrong.swift in Sources */ = {isa = PBXBuildFile; fileRef = DFE212BF1FA5ADC500DB23E9 /* HeuristicStrong.swift */; };
		DFE212C21FA5AE2300DB23E9 /* HeuristicTest.swift in Sources */ = {isa = PBXBuildFile; fileRef = DFE212C11FA5AE2300DB23E9 /* HeuristicTest.swift */; };
		DFE212C41FA5AE9A00DB23E9 /* HeuristicWeak.swift in Sources */ = {isa = PBXBuildFile; fileRef = DFE212C31FA5AE9A00DB23E9 /* HeuristicWeak.swift */; };
		DFE212C61FA5BF3500DB23E9 /* AIRandom.swift in Sources */ = {isa = PBXBuildFile; fileRef = DFE212C51FA5BF3500DB23E9 /* AIRandom.swift */; };
		DFF4323E1F8982BB002EE8A0 /* TileNode.swift in Sources */ = {isa = PBXBuildFile; fileRef = DFF4323D1F8982BB002EE8A0 /* TileNode.swift */; };
		DFFCFF281F9BD3E700FF530F /* AIStrategy.swift in Sources */ = {isa = PBXBuildFile; fileRef = DFFCFF271F9BD3E600FF530F /* AIStrategy.swift */; };
		DFFCFF2A1F9BE8F900FF530F /* RandomAI.swift in Sources */ = {isa = PBXBuildFile; fileRef = DFFCFF291F9BE8F900FF530F /* RandomAI.swift */; };
/* End PBXBuildFile section */

/* Begin PBXContainerItemProxy section */
		DF844BD71FA3930900C2D5C7 /* PBXContainerItemProxy */ = {
			isa = PBXContainerItemProxy;
			containerPortal = DFC110331F855DAD00ED5AF2 /* Project object */;
			proxyType = 1;
			remoteGlobalIDString = DFC1103A1F855DAD00ED5AF2;
			remoteInfo = Muehle;
		};
/* End PBXContainerItemProxy section */

/* Begin PBXFileReference section */
		DF2316D11F96808700E8ACC3 /* GameMode.swift */ = {isa = PBXFileReference; lastKnownFileType = sourcecode.swift; path = GameMode.swift; sourceTree = "<group>"; };
		DF2316D31F9693D700E8ACC3 /* Settings.swift */ = {isa = PBXFileReference; lastKnownFileType = sourcecode.swift; path = Settings.swift; sourceTree = "<group>"; };
		DF2316D51F96943400E8ACC3 /* Theme.swift */ = {isa = PBXFileReference; lastKnownFileType = sourcecode.swift; path = Theme.swift; sourceTree = "<group>"; };
		DF2316D71F96A03E00E8ACC3 /* SettingsViewController.swift */ = {isa = PBXFileReference; lastKnownFileType = sourcecode.swift; path = SettingsViewController.swift; sourceTree = "<group>"; };
		DF2316D91F96A0D400E8ACC3 /* ShopViewController.swift */ = {isa = PBXFileReference; lastKnownFileType = sourcecode.swift; path = ShopViewController.swift; sourceTree = "<group>"; };
		DF2316DB1F96A18500E8ACC3 /* InfoViewController.swift */ = {isa = PBXFileReference; lastKnownFileType = sourcecode.swift; path = InfoViewController.swift; sourceTree = "<group>"; };
		DF2316DE1F971B6800E8ACC3 /* AI.swift */ = {isa = PBXFileReference; lastKnownFileType = sourcecode.swift; path = AI.swift; sourceTree = "<group>"; };
		DF2316E01F97EA8E00E8ACC3 /* Space Theme.wav */ = {isa = PBXFileReference; lastKnownFileType = audio.wav; path = "Space Theme.wav"; sourceTree = "<group>"; };
		DF2935EA1F955AA300DEBD4B /* SKTAudio.swift */ = {isa = PBXFileReference; fileEncoding = 4; lastKnownFileType = sourcecode.swift; path = SKTAudio.swift; sourceTree = "<group>"; };
		DF2935ED1F955BC200DEBD4B /* Normal Theme.wav */ = {isa = PBXFileReference; lastKnownFileType = audio.wav; path = "Normal Theme.wav"; sourceTree = "<group>"; };
		DF38D5131F8E7DE500238650 /* Morris.swift */ = {isa = PBXFileReference; lastKnownFileType = sourcecode.swift; path = Morris.swift; sourceTree = "<group>"; };
		DF4E9FAC1F9F05210003AA85 /* Extensions.swift */ = {isa = PBXFileReference; lastKnownFileType = sourcecode.swift; path = Extensions.swift; sourceTree = "<group>"; };
		DF59F4621FA7E126002FF78E /* IntroductionViewController.swift */ = {isa = PBXFileReference; lastKnownFileType = sourcecode.swift; path = IntroductionViewController.swift; sourceTree = "<group>"; };
		DF5FD51B1F94942400B98795 /* ThemeViewController.swift */ = {isa = PBXFileReference; lastKnownFileType = sourcecode.swift; path = ThemeViewController.swift; sourceTree = "<group>"; };
		DF844BD21FA3930900C2D5C7 /* MuehleTests.xctest */ = {isa = PBXFileReference; explicitFileType = wrapper.cfbundle; includeInIndex = 0; path = MuehleTests.xctest; sourceTree = BUILT_PRODUCTS_DIR; };
		DF844BD61FA3930900C2D5C7 /* Info.plist */ = {isa = PBXFileReference; lastKnownFileType = text.plist.xml; path = Info.plist; sourceTree = "<group>"; };
		DF844BDC1FA394E700C2D5C7 /* GameTests.swift */ = {isa = PBXFileReference; lastKnownFileType = sourcecode.swift; path = GameTests.swift; sourceTree = "<group>"; };
		DFA201251F9BFE7C00EC98F6 /* BulletinBoard.framework */ = {isa = PBXFileReference; lastKnownFileType = wrapper.framework; name = BulletinBoard.framework; path = Carthage/Build/iOS/BulletinBoard.framework; sourceTree = "<group>"; };
		DFB5D07F1F936A7A0032FCF2 /* MenuViewController.swift */ = {isa = PBXFileReference; lastKnownFileType = sourcecode.swift; path = MenuViewController.swift; sourceTree = "<group>"; };
		DFC1103B1F855DAD00ED5AF2 /* Muehle.app */ = {isa = PBXFileReference; explicitFileType = wrapper.application; includeInIndex = 0; path = Muehle.app; sourceTree = BUILT_PRODUCTS_DIR; };
		DFC1103E1F855DAD00ED5AF2 /* AppDelegate.swift */ = {isa = PBXFileReference; lastKnownFileType = sourcecode.swift; path = AppDelegate.swift; sourceTree = "<group>"; };
		DFC110401F855DAD00ED5AF2 /* GameScene.sks */ = {isa = PBXFileReference; lastKnownFileType = file.sks; path = GameScene.sks; sourceTree = "<group>"; };
		DFC110421F855DAD00ED5AF2 /* Actions.sks */ = {isa = PBXFileReference; lastKnownFileType = file.sks; path = Actions.sks; sourceTree = "<group>"; };
		DFC110441F855DAD00ED5AF2 /* GameScene.swift */ = {isa = PBXFileReference; lastKnownFileType = sourcecode.swift; path = GameScene.swift; sourceTree = "<group>"; };
		DFC110461F855DAD00ED5AF2 /* GameViewController.swift */ = {isa = PBXFileReference; lastKnownFileType = sourcecode.swift; path = GameViewController.swift; sourceTree = "<group>"; };
		DFC110491F855DAD00ED5AF2 /* Base */ = {isa = PBXFileReference; lastKnownFileType = file.storyboard; name = Base; path = Base.lproj/Main.storyboard; sourceTree = "<group>"; };
		DFC1104B1F855DAD00ED5AF2 /* Assets.xcassets */ = {isa = PBXFileReference; lastKnownFileType = folder.assetcatalog; path = Assets.xcassets; sourceTree = "<group>"; };
		DFC1104E1F855DAD00ED5AF2 /* Base */ = {isa = PBXFileReference; lastKnownFileType = file.storyboard; name = Base; path = Base.lproj/LaunchScreen.storyboard; sourceTree = "<group>"; };
		DFC110501F855DAD00ED5AF2 /* Info.plist */ = {isa = PBXFileReference; lastKnownFileType = text.plist.xml; path = Info.plist; sourceTree = "<group>"; };
		DFC110591F855E0F00ED5AF2 /* GameConfig.swift */ = {isa = PBXFileReference; fileEncoding = 4; lastKnownFileType = sourcecode.swift; path = GameConfig.swift; sourceTree = "<group>"; };
		DFC1105C1F855E0F00ED5AF2 /* State.swift */ = {isa = PBXFileReference; fileEncoding = 4; lastKnownFileType = sourcecode.swift; path = State.swift; sourceTree = "<group>"; };
		DFC1105D1F855E0F00ED5AF2 /* Tile.swift */ = {isa = PBXFileReference; fileEncoding = 4; lastKnownFileType = sourcecode.swift; path = Tile.swift; sourceTree = "<group>"; };
		DFC1105E1F855E0F00ED5AF2 /* Game.swift */ = {isa = PBXFileReference; fileEncoding = 4; lastKnownFileType = sourcecode.swift; path = Game.swift; sourceTree = "<group>"; };
		DFC1105F1F855E0F00ED5AF2 /* Coordinate.swift */ = {isa = PBXFileReference; fileEncoding = 4; lastKnownFileType = sourcecode.swift; path = Coordinate.swift; sourceTree = "<group>"; };
		DFC110601F855E0F00ED5AF2 /* Player.swift */ = {isa = PBXFileReference; fileEncoding = 4; lastKnownFileType = sourcecode.swift; path = Player.swift; sourceTree = "<group>"; };
		DFC110621F855E1000ED5AF2 /* Turn.swift */ = {isa = PBXFileReference; fileEncoding = 4; lastKnownFileType = sourcecode.swift; path = Turn.swift; sourceTree = "<group>"; };
		DFC1106D1F85778A00ED5AF2 /* Tiles.sks */ = {isa = PBXFileReference; lastKnownFileType = file.sks; path = Tiles.sks; sourceTree = "<group>"; };
		DFC110701F87CFD900ED5AF2 /* Log.framework */ = {isa = PBXFileReference; lastKnownFileType = wrapper.framework; name = Log.framework; path = Carthage/Build/iOS/Log.framework; sourceTree = "<group>"; };
		DFD3C3531FA779A000B21034 /* ShopCollectionViewCell.swift */ = {isa = PBXFileReference; lastKnownFileType = sourcecode.swift; path = ShopCollectionViewCell.swift; sourceTree = "<group>"; };
		DFD3C3551FA7BDAC00B21034 /* Industry Theme.wav */ = {isa = PBXFileReference; lastKnownFileType = audio.wav; path = "Industry Theme.wav"; sourceTree = "<group>"; };
		DFD3C3561FA7BDAD00B21034 /* Snowy Theme.wav */ = {isa = PBXFileReference; lastKnownFileType = audio.wav; path = "Snowy Theme.wav"; sourceTree = "<group>"; };
		DFDEC3961F9A8EFD00A2381E /* CollectionViewShelfLayout.framework */ = {isa = PBXFileReference; lastKnownFileType = wrapper.framework; name = CollectionViewShelfLayout.framework; path = Carthage/Build/iOS/CollectionViewShelfLayout.framework; sourceTree = "<group>"; };
		DFDEC3981F9A8FDE00A2381E /* ThemeCollectionViewCell.swift */ = {isa = PBXFileReference; lastKnownFileType = sourcecode.swift; path = ThemeCollectionViewCell.swift; sourceTree = "<group>"; };
		DFDEC39A1F9B429F00A2381E /* CustomButton.swift */ = {isa = PBXFileReference; lastKnownFileType = sourcecode.swift; path = CustomButton.swift; sourceTree = "<group>"; };
		DFE212AD1FA4C8AE00DB23E9 /* MiniMaxAI.swift */ = {isa = PBXFileReference; lastKnownFileType = sourcecode.swift; path = MiniMaxAI.swift; sourceTree = "<group>"; };
		DFE212AF1FA511C700DB23E9 /* AIMiniMax.swift */ = {isa = PBXFileReference; lastKnownFileType = sourcecode.swift; path = AIMiniMax.swift; sourceTree = "<group>"; };
		DFE212B11FA512A200DB23E9 /* Decideable.swift */ = {isa = PBXFileReference; lastKnownFileType = sourcecode.swift; path = Decideable.swift; sourceTree = "<group>"; };
		DFE212B31FA516FF00DB23E9 /* AIPossibleMoves.swift */ = {isa = PBXFileReference; lastKnownFileType = sourcecode.swift; path = AIPossibleMoves.swift; sourceTree = "<group>"; };
		DFE212B51FA5174100DB23E9 /* Action.swift */ = {isa = PBXFileReference; lastKnownFileType = sourcecode.swift; path = Action.swift; sourceTree = "<group>"; };
		DFE212B71FA5A96100DB23E9 /* HeuristicRemove.swift */ = {isa = PBXFileReference; lastKnownFileType = sourcecode.swift; path = HeuristicRemove.swift; sourceTree = "<group>"; };
		DFE212B91FA5A9D600DB23E9 /* Heuristic.swift */ = {isa = PBXFileReference; lastKnownFileType = sourcecode.swift; path = Heuristic.swift; sourceTree = "<group>"; };
		DFE212BB1FA5ACA600DB23E9 /* HeuristicNormal.swift */ = {isa = PBXFileReference; lastKnownFileType = sourcecode.swift; path = HeuristicNormal.swift; sourceTree = "<group>"; };
		DFE212BD1FA5AD1F00DB23E9 /* Calculateable.swift */ = {isa = PBXFileReference; lastKnownFileType = sourcecode.swift; path = Calculateable.swift; sourceTree = "<group>"; };
		DFE212BF1FA5ADC500DB23E9 /* HeuristicStrong.swift */ = {isa = PBXFileReference; lastKnownFileType = sourcecode.swift; path = HeuristicStrong.swift; sourceTree = "<group>"; };
		DFE212C11FA5AE2300DB23E9 /* HeuristicTest.swift */ = {isa = PBXFileReference; lastKnownFileType = sourcecode.swift; path = HeuristicTest.swift; sourceTree = "<group>"; };
		DFE212C31FA5AE9A00DB23E9 /* HeuristicWeak.swift */ = {isa = PBXFileReference; lastKnownFileType = sourcecode.swift; path = HeuristicWeak.swift; sourceTree = "<group>"; };
		DFE212C51FA5BF3500DB23E9 /* AIRandom.swift */ = {isa = PBXFileReference; lastKnownFileType = sourcecode.swift; path = AIRandom.swift; sourceTree = "<group>"; };
		DFF4323D1F8982BB002EE8A0 /* TileNode.swift */ = {isa = PBXFileReference; lastKnownFileType = sourcecode.swift; path = TileNode.swift; sourceTree = "<group>"; };
		DFFCFF271F9BD3E600FF530F /* AIStrategy.swift */ = {isa = PBXFileReference; lastKnownFileType = sourcecode.swift; path = AIStrategy.swift; sourceTree = "<group>"; };
		DFFCFF291F9BE8F900FF530F /* RandomAI.swift */ = {isa = PBXFileReference; lastKnownFileType = sourcecode.swift; path = RandomAI.swift; sourceTree = "<group>"; };
/* End PBXFileReference section */

/* Begin PBXFrameworksBuildPhase section */
		DF844BCF1FA3930900C2D5C7 /* Frameworks */ = {
			isa = PBXFrameworksBuildPhase;
			buildActionMask = 2147483647;
			files = (
			);
			runOnlyForDeploymentPostprocessing = 0;
		};
		DFC110381F855DAD00ED5AF2 /* Frameworks */ = {
			isa = PBXFrameworksBuildPhase;
			buildActionMask = 2147483647;
			files = (
				DFD1ACBA1FA2512B000898D4 /* BulletinBoard.framework in Frameworks */,
				DFD1ACBB1FA2512B000898D4 /* CollectionViewShelfLayout.framework in Frameworks */,
				DFD1ACBC1FA2512B000898D4 /* Log.framework in Frameworks */,
			);
			runOnlyForDeploymentPostprocessing = 0;
		};
/* End PBXFrameworksBuildPhase section */

/* Begin PBXGroup section */
		DF2316DD1F971AAF00E8ACC3 /* AI */ = {
			isa = PBXGroup;
			children = (
				DFE212B51FA5174100DB23E9 /* Action.swift */,
				DF2316DE1F971B6800E8ACC3 /* AI.swift */,
				DFFCFF271F9BD3E600FF530F /* AIStrategy.swift */,
				DFFCFF291F9BE8F900FF530F /* RandomAI.swift */,
				DFE212AD1FA4C8AE00DB23E9 /* MiniMaxAI.swift */,
				DFE212B31FA516FF00DB23E9 /* AIPossibleMoves.swift */,
				DFE212AF1FA511C700DB23E9 /* AIMiniMax.swift */,
				DFE212C51FA5BF3500DB23E9 /* AIRandom.swift */,
				DFE212B11FA512A200DB23E9 /* Decideable.swift */,
				DFE212BD1FA5AD1F00DB23E9 /* Calculateable.swift */,
				DFE212B91FA5A9D600DB23E9 /* Heuristic.swift */,
				DFE212BB1FA5ACA600DB23E9 /* HeuristicNormal.swift */,
				DFE212B71FA5A96100DB23E9 /* HeuristicRemove.swift */,
				DFE212BF1FA5ADC500DB23E9 /* HeuristicStrong.swift */,
				DFE212C11FA5AE2300DB23E9 /* HeuristicTest.swift */,
				DFE212C31FA5AE9A00DB23E9 /* HeuristicWeak.swift */,
			);
			path = AI;
			sourceTree = "<group>";
		};
		DF2935EC1F955BB300DEBD4B /* Sounds */ = {
			isa = PBXGroup;
			children = (
				DF2935ED1F955BC200DEBD4B /* Normal Theme.wav */,
				DF2316E01F97EA8E00E8ACC3 /* Space Theme.wav */,
				DFD3C3551FA7BDAC00B21034 /* Industry Theme.wav */,
				DFD3C3561FA7BDAD00B21034 /* Snowy Theme.wav */,
			);
			path = Sounds;
			sourceTree = "<group>";
		};
		DF844BD31FA3930900C2D5C7 /* MuehleTests */ = {
			isa = PBXGroup;
			children = (
				DF844BD61FA3930900C2D5C7 /* Info.plist */,
				DF844BDC1FA394E700C2D5C7 /* GameTests.swift */,
			);
			path = MuehleTests;
			sourceTree = "<group>";
		};
		DFC110321F855DAD00ED5AF2 = {
			isa = PBXGroup;
			children = (
				DFC1103D1F855DAD00ED5AF2 /* Muehle */,
				DF844BD31FA3930900C2D5C7 /* MuehleTests */,
				DFC1103C1F855DAD00ED5AF2 /* Products */,
				DFC1106F1F87CFD900ED5AF2 /* Frameworks */,
			);
			sourceTree = "<group>";
		};
		DFC1103C1F855DAD00ED5AF2 /* Products */ = {
			isa = PBXGroup;
			children = (
				DFC1103B1F855DAD00ED5AF2 /* Muehle.app */,
				DF844BD21FA3930900C2D5C7 /* MuehleTests.xctest */,
			);
			name = Products;
			sourceTree = "<group>";
		};
		DFC1103D1F855DAD00ED5AF2 /* Muehle */ = {
			isa = PBXGroup;
			children = (
				DFC1103E1F855DAD00ED5AF2 /* AppDelegate.swift */,
				DFC110401F855DAD00ED5AF2 /* GameScene.sks */,
				DFC110441F855DAD00ED5AF2 /* GameScene.swift */,
				DFC110421F855DAD00ED5AF2 /* Actions.sks */,
				DFC110561F855DB600ED5AF2 /* Model */,
				DFC110571F855DBB00ED5AF2 /* View */,
				DFC110581F855DC100ED5AF2 /* Controller */,
				DF2935EC1F955BB300DEBD4B /* Sounds */,
				DF2935EA1F955AA300DEBD4B /* SKTAudio.swift */,
				DFC110481F855DAD00ED5AF2 /* Main.storyboard */,
				DFC1104B1F855DAD00ED5AF2 /* Assets.xcassets */,
				DFC1106D1F85778A00ED5AF2 /* Tiles.sks */,
				DFC1104D1F855DAD00ED5AF2 /* LaunchScreen.storyboard */,
				DFC110501F855DAD00ED5AF2 /* Info.plist */,
				DF2316D31F9693D700E8ACC3 /* Settings.swift */,
				DF4E9FAC1F9F05210003AA85 /* Extensions.swift */,
			);
			path = Muehle;
			sourceTree = "<group>";
		};
		DFC110561F855DB600ED5AF2 /* Model */ = {
			isa = PBXGroup;
			children = (
				DFC1105E1F855E0F00ED5AF2 /* Game.swift */,
				DFC1105F1F855E0F00ED5AF2 /* Coordinate.swift */,
				DFC110591F855E0F00ED5AF2 /* GameConfig.swift */,
				DFC110601F855E0F00ED5AF2 /* Player.swift */,
				DFC1105C1F855E0F00ED5AF2 /* State.swift */,
				DFC1105D1F855E0F00ED5AF2 /* Tile.swift */,
				DFC110621F855E1000ED5AF2 /* Turn.swift */,
				DF38D5131F8E7DE500238650 /* Morris.swift */,
				DF2316D11F96808700E8ACC3 /* GameMode.swift */,
				DF2316D51F96943400E8ACC3 /* Theme.swift */,
				DF2316DD1F971AAF00E8ACC3 /* AI */,
			);
			path = Model;
			sourceTree = "<group>";
		};
		DFC110571F855DBB00ED5AF2 /* View */ = {
			isa = PBXGroup;
			children = (
				DFF4323D1F8982BB002EE8A0 /* TileNode.swift */,
				DFDEC3981F9A8FDE00A2381E /* ThemeCollectionViewCell.swift */,
				DFDEC39A1F9B429F00A2381E /* CustomButton.swift */,
				DFD3C3531FA779A000B21034 /* ShopCollectionViewCell.swift */,
			);
			path = View;
			sourceTree = "<group>";
		};
		DFC110581F855DC100ED5AF2 /* Controller */ = {
			isa = PBXGroup;
			children = (
				DFC110461F855DAD00ED5AF2 /* GameViewController.swift */,
				DFB5D07F1F936A7A0032FCF2 /* MenuViewController.swift */,
				DF5FD51B1F94942400B98795 /* ThemeViewController.swift */,
				DF2316D71F96A03E00E8ACC3 /* SettingsViewController.swift */,
				DF2316D91F96A0D400E8ACC3 /* ShopViewController.swift */,
				DF2316DB1F96A18500E8ACC3 /* InfoViewController.swift */,
				DF59F4621FA7E126002FF78E /* IntroductionViewController.swift */,
			);
			path = Controller;
			sourceTree = "<group>";
		};
		DFC1106F1F87CFD900ED5AF2 /* Frameworks */ = {
			isa = PBXGroup;
			children = (
				DFA201251F9BFE7C00EC98F6 /* BulletinBoard.framework */,
				DFDEC3961F9A8EFD00A2381E /* CollectionViewShelfLayout.framework */,
				DFC110701F87CFD900ED5AF2 /* Log.framework */,
			);
			name = Frameworks;
			sourceTree = "<group>";
		};
/* End PBXGroup section */

/* Begin PBXNativeTarget section */
		DF844BD11FA3930900C2D5C7 /* MuehleTests */ = {
			isa = PBXNativeTarget;
			buildConfigurationList = DF844BDB1FA3930900C2D5C7 /* Build configuration list for PBXNativeTarget "MuehleTests" */;
			buildPhases = (
				DF844BCE1FA3930900C2D5C7 /* Sources */,
				DF844BCF1FA3930900C2D5C7 /* Frameworks */,
				DF844BD01FA3930900C2D5C7 /* Resources */,
			);
			buildRules = (
			);
			dependencies = (
				DF844BD81FA3930900C2D5C7 /* PBXTargetDependency */,
			);
			name = MuehleTests;
			productName = MuehleTests;
			productReference = DF844BD21FA3930900C2D5C7 /* MuehleTests.xctest */;
			productType = "com.apple.product-type.bundle.unit-test";
		};
		DFC1103A1F855DAD00ED5AF2 /* Muehle */ = {
			isa = PBXNativeTarget;
			buildConfigurationList = DFC110531F855DAD00ED5AF2 /* Build configuration list for PBXNativeTarget "Muehle" */;
			buildPhases = (
				DFC110371F855DAD00ED5AF2 /* Sources */,
				DFC110381F855DAD00ED5AF2 /* Frameworks */,
				DFC110391F855DAD00ED5AF2 /* Resources */,
				DFC110721F87CFFC00ED5AF2 /* ShellScript */,
			);
			buildRules = (
			);
			dependencies = (
			);
			name = Muehle;
			productName = Muehle;
			productReference = DFC1103B1F855DAD00ED5AF2 /* Muehle.app */;
			productType = "com.apple.product-type.application";
		};
/* End PBXNativeTarget section */

/* Begin PBXProject section */
		DFC110331F855DAD00ED5AF2 /* Project object */ = {
			isa = PBXProject;
			attributes = {
				LastSwiftUpdateCheck = 0910;
				LastUpgradeCheck = 0910;
				ORGANIZATIONNAME = "Lennart Fischer";
				TargetAttributes = {
					DF844BD11FA3930900C2D5C7 = {
						CreatedOnToolsVersion = 9.1;
						LastSwiftMigration = 0910;
						ProvisioningStyle = Automatic;
						TestTargetID = DFC1103A1F855DAD00ED5AF2;
					};
					DFC1103A1F855DAD00ED5AF2 = {
						CreatedOnToolsVersion = 9.1;
						ProvisioningStyle = Automatic;
					};
				};
			};
			buildConfigurationList = DFC110361F855DAD00ED5AF2 /* Build configuration list for PBXProject "Muehle" */;
			compatibilityVersion = "Xcode 8.0";
			developmentRegion = en;
			hasScannedForEncodings = 0;
			knownRegions = (
				en,
				Base,
			);
			mainGroup = DFC110321F855DAD00ED5AF2;
			productRefGroup = DFC1103C1F855DAD00ED5AF2 /* Products */;
			projectDirPath = "";
			projectRoot = "";
			targets = (
				DFC1103A1F855DAD00ED5AF2 /* Muehle */,
				DF844BD11FA3930900C2D5C7 /* MuehleTests */,
			);
		};
/* End PBXProject section */

/* Begin PBXResourcesBuildPhase section */
		DF844BD01FA3930900C2D5C7 /* Resources */ = {
			isa = PBXResourcesBuildPhase;
			buildActionMask = 2147483647;
			files = (
			);
			runOnlyForDeploymentPostprocessing = 0;
		};
		DFC110391F855DAD00ED5AF2 /* Resources */ = {
			isa = PBXResourcesBuildPhase;
			buildActionMask = 2147483647;
			files = (
				DFD3C3571FA7BDAD00B21034 /* Industry Theme.wav in Resources */,
				DFC1104A1F855DAD00ED5AF2 /* Main.storyboard in Resources */,
				DFD3C3581FA7BDAD00B21034 /* Snowy Theme.wav in Resources */,
				DFC110411F855DAD00ED5AF2 /* GameScene.sks in Resources */,
				DF2316E11F97EA8E00E8ACC3 /* Space Theme.wav in Resources */,
				DFC1104C1F855DAD00ED5AF2 /* Assets.xcassets in Resources */,
				DFC1106E1F85778A00ED5AF2 /* Tiles.sks in Resources */,
				DFC1104F1F855DAD00ED5AF2 /* LaunchScreen.storyboard in Resources */,
				DF2935EE1F955BC300DEBD4B /* Normal Theme.wav in Resources */,
				DFC110431F855DAD00ED5AF2 /* Actions.sks in Resources */,
			);
			runOnlyForDeploymentPostprocessing = 0;
		};
/* End PBXResourcesBuildPhase section */

/* Begin PBXShellScriptBuildPhase section */
		DFC110721F87CFFC00ED5AF2 /* ShellScript */ = {
			isa = PBXShellScriptBuildPhase;
			buildActionMask = 12;
			files = (
			);
			inputPaths = (
				"$(SRCROOT)/Carthage/Build/iOS/Log.framework",
				"$(SRCROOT)/Carthage/Build/iOS/CollectionViewShelfLayout.framework",
				"$(SRCROOT)/Carthage/Build/iOS/BulletinBoard.framework",
			);
			outputPaths = (
			);
			runOnlyForDeploymentPostprocessing = 0;
			shellPath = /bin/sh;
			shellScript = "/usr/local/bin/carthage copy-frameworks";
		};
/* End PBXShellScriptBuildPhase section */

/* Begin PBXSourcesBuildPhase section */
		DF844BCE1FA3930900C2D5C7 /* Sources */ = {
			isa = PBXSourcesBuildPhase;
			buildActionMask = 2147483647;
			files = (
				DF844BDD1FA394E700C2D5C7 /* GameTests.swift in Sources */,
			);
			runOnlyForDeploymentPostprocessing = 0;
		};
		DFC110371F855DAD00ED5AF2 /* Sources */ = {
			isa = PBXSourcesBuildPhase;
			buildActionMask = 2147483647;
			files = (
				DFD3C3541FA779A000B21034 /* ShopCollectionViewCell.swift in Sources */,
				DFDEC3991F9A8FDE00A2381E /* ThemeCollectionViewCell.swift in Sources */,
				DFE212B61FA5174100DB23E9 /* Action.swift in Sources */,
				DFFCFF2A1F9BE8F900FF530F /* RandomAI.swift in Sources */,
				DF38D5141F8E7DE500238650 /* Morris.swift in Sources */,
				DFE212C61FA5BF3500DB23E9 /* AIRandom.swift in Sources */,
				DFDEC39B1F9B429F00A2381E /* CustomButton.swift in Sources */,
				DFC1106A1F855E1000ED5AF2 /* Player.swift in Sources */,
				DF2316D21F96808700E8ACC3 /* GameMode.swift in Sources */,
				DFC110451F855DAD00ED5AF2 /* GameScene.swift in Sources */,
				DFE212C41FA5AE9A00DB23E9 /* HeuristicWeak.swift in Sources */,
				DFE212AE1FA4C8AE00DB23E9 /* MiniMaxAI.swift in Sources */,
				DF2935EB1F955AA400DEBD4B /* SKTAudio.swift in Sources */,
				DF2316D61F96943400E8ACC3 /* Theme.swift in Sources */,
				DFE212C01FA5ADC500DB23E9 /* HeuristicStrong.swift in Sources */,
				DFE212B21FA512A200DB23E9 /* Decideable.swift in Sources */,
				DFC110681F855E1000ED5AF2 /* Game.swift in Sources */,
				DFC110471F855DAD00ED5AF2 /* GameViewController.swift in Sources */,
				DFF4323E1F8982BB002EE8A0 /* TileNode.swift in Sources */,
				DFE212BE1FA5AD1F00DB23E9 /* Calculateable.swift in Sources */,
				DFC1106C1F855E1000ED5AF2 /* Turn.swift in Sources */,
				DFC1103F1F855DAD00ED5AF2 /* AppDelegate.swift in Sources */,
				DFC110671F855E1000ED5AF2 /* Tile.swift in Sources */,
				DF2316D81F96A03E00E8ACC3 /* SettingsViewController.swift in Sources */,
				DFE212C21FA5AE2300DB23E9 /* HeuristicTest.swift in Sources */,
				DFE212BA1FA5A9D600DB23E9 /* Heuristic.swift in Sources */,
				DFC110631F855E1000ED5AF2 /* GameConfig.swift in Sources */,
				DF5FD51C1F94942400B98795 /* ThemeViewController.swift in Sources */,
				DF2316D41F9693D700E8ACC3 /* Settings.swift in Sources */,
				DFE212BC1FA5ACA600DB23E9 /* HeuristicNormal.swift in Sources */,
				DFB5D0801F936A7A0032FCF2 /* MenuViewController.swift in Sources */,
				DFE212B41FA516FF00DB23E9 /* AIPossibleMoves.swift in Sources */,
				DF2316DF1F971B6800E8ACC3 /* AI.swift in Sources */,
				DFC110661F855E1000ED5AF2 /* State.swift in Sources */,
				DF59F4631FA7E126002FF78E /* IntroductionViewController.swift in Sources */,
				DF4E9FAD1F9F05210003AA85 /* Extensions.swift in Sources */,
				DFFCFF281F9BD3E700FF530F /* AIStrategy.swift in Sources */,
				DF2316DA1F96A0D400E8ACC3 /* ShopViewController.swift in Sources */,
				DF2316DC1F96A18500E8ACC3 /* InfoViewController.swift in Sources */,
				DFC110691F855E1000ED5AF2 /* Coordinate.swift in Sources */,
				DFE212B81FA5A96100DB23E9 /* HeuristicRemove.swift in Sources */,
				DFE212B01FA511C800DB23E9 /* AIMiniMax.swift in Sources */,
			);
			runOnlyForDeploymentPostprocessing = 0;
		};
/* End PBXSourcesBuildPhase section */

/* Begin PBXTargetDependency section */
		DF844BD81FA3930900C2D5C7 /* PBXTargetDependency */ = {
			isa = PBXTargetDependency;
			target = DFC1103A1F855DAD00ED5AF2 /* Muehle */;
			targetProxy = DF844BD71FA3930900C2D5C7 /* PBXContainerItemProxy */;
		};
/* End PBXTargetDependency section */

/* Begin PBXVariantGroup section */
		DFC110481F855DAD00ED5AF2 /* Main.storyboard */ = {
			isa = PBXVariantGroup;
			children = (
				DFC110491F855DAD00ED5AF2 /* Base */,
			);
			name = Main.storyboard;
			sourceTree = "<group>";
		};
		DFC1104D1F855DAD00ED5AF2 /* LaunchScreen.storyboard */ = {
			isa = PBXVariantGroup;
			children = (
				DFC1104E1F855DAD00ED5AF2 /* Base */,
			);
			name = LaunchScreen.storyboard;
			sourceTree = "<group>";
		};
/* End PBXVariantGroup section */

/* Begin XCBuildConfiguration section */
		DF844BD91FA3930900C2D5C7 /* Debug */ = {
			isa = XCBuildConfiguration;
			buildSettings = {
				BUNDLE_LOADER = "$(TEST_HOST)";
				CLANG_ENABLE_MODULES = YES;
				CODE_SIGN_STYLE = Automatic;
				DEVELOPMENT_TEAM = TX3HU8833D;
				INFOPLIST_FILE = MuehleTests/Info.plist;
				LD_RUNPATH_SEARCH_PATHS = "$(inherited) @executable_path/Frameworks @loader_path/Frameworks";
				PRODUCT_BUNDLE_IDENTIFIER = com.lambdadigamma.MuehleTests;
				PRODUCT_NAME = "$(TARGET_NAME)";
				SWIFT_OPTIMIZATION_LEVEL = "-Onone";
				SWIFT_VERSION = 4.0;
				TARGETED_DEVICE_FAMILY = "1,2";
				TEST_HOST = "$(BUILT_PRODUCTS_DIR)/Muehle.app/Muehle";
			};
			name = Debug;
		};
		DF844BDA1FA3930900C2D5C7 /* Release */ = {
			isa = XCBuildConfiguration;
			buildSettings = {
				BUNDLE_LOADER = "$(TEST_HOST)";
				CLANG_ENABLE_MODULES = YES;
				CODE_SIGN_STYLE = Automatic;
				DEVELOPMENT_TEAM = TX3HU8833D;
				INFOPLIST_FILE = MuehleTests/Info.plist;
				LD_RUNPATH_SEARCH_PATHS = "$(inherited) @executable_path/Frameworks @loader_path/Frameworks";
				PRODUCT_BUNDLE_IDENTIFIER = com.lambdadigamma.MuehleTests;
				PRODUCT_NAME = "$(TARGET_NAME)";
				SWIFT_VERSION = 4.0;
				TARGETED_DEVICE_FAMILY = "1,2";
				TEST_HOST = "$(BUILT_PRODUCTS_DIR)/Muehle.app/Muehle";
			};
			name = Release;
		};
		DFC110511F855DAD00ED5AF2 /* Debug */ = {
			isa = XCBuildConfiguration;
			buildSettings = {
				ALWAYS_SEARCH_USER_PATHS = NO;
				CLANG_ANALYZER_NONNULL = YES;
				CLANG_ANALYZER_NUMBER_OBJECT_CONVERSION = YES_AGGRESSIVE;
				CLANG_CXX_LANGUAGE_STANDARD = "gnu++14";
				CLANG_CXX_LIBRARY = "libc++";
				CLANG_ENABLE_MODULES = YES;
				CLANG_ENABLE_OBJC_ARC = YES;
				CLANG_WARN_BLOCK_CAPTURE_AUTORELEASING = YES;
				CLANG_WARN_BOOL_CONVERSION = YES;
				CLANG_WARN_COMMA = YES;
				CLANG_WARN_CONSTANT_CONVERSION = YES;
				CLANG_WARN_DIRECT_OBJC_ISA_USAGE = YES_ERROR;
				CLANG_WARN_DOCUMENTATION_COMMENTS = YES;
				CLANG_WARN_EMPTY_BODY = YES;
				CLANG_WARN_ENUM_CONVERSION = YES;
				CLANG_WARN_INFINITE_RECURSION = YES;
				CLANG_WARN_INT_CONVERSION = YES;
				CLANG_WARN_NON_LITERAL_NULL_CONVERSION = YES;
				CLANG_WARN_OBJC_LITERAL_CONVERSION = YES;
				CLANG_WARN_OBJC_ROOT_CLASS = YES_ERROR;
				CLANG_WARN_RANGE_LOOP_ANALYSIS = YES;
				CLANG_WARN_STRICT_PROTOTYPES = YES;
				CLANG_WARN_SUSPICIOUS_MOVE = YES;
				CLANG_WARN_UNGUARDED_AVAILABILITY = YES_AGGRESSIVE;
				CLANG_WARN_UNREACHABLE_CODE = YES;
				CLANG_WARN__DUPLICATE_METHOD_MATCH = YES;
				CODE_SIGN_IDENTITY = "iPhone Developer";
				COPY_PHASE_STRIP = NO;
				DEBUG_INFORMATION_FORMAT = dwarf;
				ENABLE_STRICT_OBJC_MSGSEND = YES;
				ENABLE_TESTABILITY = YES;
				GCC_C_LANGUAGE_STANDARD = gnu11;
				GCC_DYNAMIC_NO_PIC = NO;
				GCC_NO_COMMON_BLOCKS = YES;
				GCC_OPTIMIZATION_LEVEL = 0;
				GCC_PREPROCESSOR_DEFINITIONS = (
					"DEBUG=1",
					"$(inherited)",
				);
				GCC_WARN_64_TO_32_BIT_CONVERSION = YES;
				GCC_WARN_ABOUT_RETURN_TYPE = YES_ERROR;
				GCC_WARN_UNDECLARED_SELECTOR = YES;
				GCC_WARN_UNINITIALIZED_AUTOS = YES_AGGRESSIVE;
				GCC_WARN_UNUSED_FUNCTION = YES;
				GCC_WARN_UNUSED_VARIABLE = YES;
				IPHONEOS_DEPLOYMENT_TARGET = 11.1;
				MTL_ENABLE_DEBUG_INFO = YES;
				ONLY_ACTIVE_ARCH = YES;
				SDKROOT = iphoneos;
				SWIFT_ACTIVE_COMPILATION_CONDITIONS = DEBUG;
				SWIFT_OPTIMIZATION_LEVEL = "-Onone";
			};
			name = Debug;
		};
		DFC110521F855DAD00ED5AF2 /* Release */ = {
			isa = XCBuildConfiguration;
			buildSettings = {
				ALWAYS_SEARCH_USER_PATHS = NO;
				CLANG_ANALYZER_NONNULL = YES;
				CLANG_ANALYZER_NUMBER_OBJECT_CONVERSION = YES_AGGRESSIVE;
				CLANG_CXX_LANGUAGE_STANDARD = "gnu++14";
				CLANG_CXX_LIBRARY = "libc++";
				CLANG_ENABLE_MODULES = YES;
				CLANG_ENABLE_OBJC_ARC = YES;
				CLANG_WARN_BLOCK_CAPTURE_AUTORELEASING = YES;
				CLANG_WARN_BOOL_CONVERSION = YES;
				CLANG_WARN_COMMA = YES;
				CLANG_WARN_CONSTANT_CONVERSION = YES;
				CLANG_WARN_DIRECT_OBJC_ISA_USAGE = YES_ERROR;
				CLANG_WARN_DOCUMENTATION_COMMENTS = YES;
				CLANG_WARN_EMPTY_BODY = YES;
				CLANG_WARN_ENUM_CONVERSION = YES;
				CLANG_WARN_INFINITE_RECURSION = YES;
				CLANG_WARN_INT_CONVERSION = YES;
				CLANG_WARN_NON_LITERAL_NULL_CONVERSION = YES;
				CLANG_WARN_OBJC_LITERAL_CONVERSION = YES;
				CLANG_WARN_OBJC_ROOT_CLASS = YES_ERROR;
				CLANG_WARN_RANGE_LOOP_ANALYSIS = YES;
				CLANG_WARN_STRICT_PROTOTYPES = YES;
				CLANG_WARN_SUSPICIOUS_MOVE = YES;
				CLANG_WARN_UNGUARDED_AVAILABILITY = YES_AGGRESSIVE;
				CLANG_WARN_UNREACHABLE_CODE = YES;
				CLANG_WARN__DUPLICATE_METHOD_MATCH = YES;
				CODE_SIGN_IDENTITY = "iPhone Developer";
				COPY_PHASE_STRIP = NO;
				DEBUG_INFORMATION_FORMAT = "dwarf-with-dsym";
				ENABLE_NS_ASSERTIONS = NO;
				ENABLE_STRICT_OBJC_MSGSEND = YES;
				GCC_C_LANGUAGE_STANDARD = gnu11;
				GCC_NO_COMMON_BLOCKS = YES;
				GCC_WARN_64_TO_32_BIT_CONVERSION = YES;
				GCC_WARN_ABOUT_RETURN_TYPE = YES_ERROR;
				GCC_WARN_UNDECLARED_SELECTOR = YES;
				GCC_WARN_UNINITIALIZED_AUTOS = YES_AGGRESSIVE;
				GCC_WARN_UNUSED_FUNCTION = YES;
				GCC_WARN_UNUSED_VARIABLE = YES;
				IPHONEOS_DEPLOYMENT_TARGET = 11.1;
				MTL_ENABLE_DEBUG_INFO = NO;
				SDKROOT = iphoneos;
				SWIFT_OPTIMIZATION_LEVEL = "-Owholemodule";
				VALIDATE_PRODUCT = YES;
			};
			name = Release;
		};
		DFC110541F855DAD00ED5AF2 /* Debug */ = {
			isa = XCBuildConfiguration;
			buildSettings = {
				ASSETCATALOG_COMPILER_APPICON_NAME = AppIcon;
				CODE_SIGN_STYLE = Automatic;
				DEVELOPMENT_TEAM = TX3HU8833D;
				FRAMEWORK_SEARCH_PATHS = (
					"$(inherited)",
					"$(PROJECT_DIR)/Carthage/Build/iOS",
				);
				INFOPLIST_FILE = Muehle/Info.plist;
				IPHONEOS_DEPLOYMENT_TARGET = 11.0;
				LD_RUNPATH_SEARCH_PATHS = "$(inherited) @executable_path/Frameworks";
				PRODUCT_BUNDLE_IDENTIFIER = com.lambdadigamma.Muehle;
				PRODUCT_NAME = "$(TARGET_NAME)";
				SWIFT_VERSION = 4.0;
				TARGETED_DEVICE_FAMILY = "1,2";
			};
			name = Debug;
		};
		DFC110551F855DAD00ED5AF2 /* Release */ = {
			isa = XCBuildConfiguration;
			buildSettings = {
				ASSETCATALOG_COMPILER_APPICON_NAME = AppIcon;
				CODE_SIGN_STYLE = Automatic;
				DEVELOPMENT_TEAM = TX3HU8833D;
				FRAMEWORK_SEARCH_PATHS = (
					"$(inherited)",
					"$(PROJECT_DIR)/Carthage/Build/iOS",
				);
				INFOPLIST_FILE = Muehle/Info.plist;
				IPHONEOS_DEPLOYMENT_TARGET = 11.0;
				LD_RUNPATH_SEARCH_PATHS = "$(inherited) @executable_path/Frameworks";
				PRODUCT_BUNDLE_IDENTIFIER = com.lambdadigamma.Muehle;
				PRODUCT_NAME = "$(TARGET_NAME)";
				SWIFT_VERSION = 4.0;
				TARGETED_DEVICE_FAMILY = "1,2";
			};
			name = Release;
		};
/* End XCBuildConfiguration section */

/* Begin XCConfigurationList section */
		DF844BDB1FA3930900C2D5C7 /* Build configuration list for PBXNativeTarget "MuehleTests" */ = {
			isa = XCConfigurationList;
			buildConfigurations = (
				DF844BD91FA3930900C2D5C7 /* Debug */,
				DF844BDA1FA3930900C2D5C7 /* Release */,
			);
			defaultConfigurationIsVisible = 0;
			defaultConfigurationName = Release;
		};
		DFC110361F855DAD00ED5AF2 /* Build configuration list for PBXProject "Muehle" */ = {
			isa = XCConfigurationList;
			buildConfigurations = (
				DFC110511F855DAD00ED5AF2 /* Debug */,
				DFC110521F855DAD00ED5AF2 /* Release */,
			);
			defaultConfigurationIsVisible = 0;
			defaultConfigurationName = Release;
		};
		DFC110531F855DAD00ED5AF2 /* Build configuration list for PBXNativeTarget "Muehle" */ = {
			isa = XCConfigurationList;
			buildConfigurations = (
				DFC110541F855DAD00ED5AF2 /* Debug */,
				DFC110551F855DAD00ED5AF2 /* Release */,
			);
			defaultConfigurationIsVisible = 0;
			defaultConfigurationName = Release;
		};
/* End XCConfigurationList section */
	};
	rootObject = DFC110331F855DAD00ED5AF2 /* Project object */;
}
